Microsoft Visual Studio Solution File, Format Version 12.00
# Visual Studio Version 17
VisualStudioVersion = 17.5.2.0
MinimumVisualStudioVersion = 10.0.40219.1
Project("{2150E333-8FDC-42A3-9474-1A3956D46DE8}") = "backend-dotnet", "backend-dotnet", "{5B53B9C9-4F30-C987-7D7A-FE70C231F3D7}"
EndProject
Project("{FAE04EC0-301F-11D3-BF4B-00C04F79EFBC}") = "ChatComunitario", "backend-dotnet\ChatComunitario.csproj", "{E8DEE7D9-3830-0BF6-6765-C81AACB8D8A9}"
EndProject
Global
	GlobalSection(SolutionConfigurationPlatforms) = preSolution
		Debug|Any CPU = Debug|Any CPU
		Release|Any CPU = Release|Any CPU
	EndGlobalSection
	GlobalSection(ProjectConfigurationPlatforms) = postSolution
		{E8DEE7D9-3830-0BF6-6765-C81AACB8D8A9}.Debug|Any CPU.ActiveCfg = Debug|Any CPU
		{E8DEE7D9-3830-0BF6-6765-C81AACB8D8A9}.Debug|Any CPU.Build.0 = Debug|Any CPU
		{E8DEE7D9-3830-0BF6-6765-C81AACB8D8A9}.Release|Any CPU.ActiveCfg = Release|Any CPU
		{E8DEE7D9-3830-0BF6-6765-C81AACB8D8A9}.Release|Any CPU.Build.0 = Release|Any CPU
	EndGlobalSection
	GlobalSection(SolutionProperties) = preSolution
		HideSolutionNode = FALSE
	EndGlobalSection
	GlobalSection(NestedProjects) = preSolution
		{E8DEE7D9-3830-0BF6-6765-C81AACB8D8A9} = {5B53B9C9-4F30-C987-7D7A-FE70C231F3D7}
	EndGlobalSection
	GlobalSection(ExtensibilityGlobals) = postSolution
		SolutionGuid = {EFA411F9-D4D3-4A08-BFCE-515A33EA9F80}
	EndGlobalSection
EndGlobal
